dependencies:
- name: redis-cluster
  repository: file://../redis-cluster/
  version: 11.0.3
- name: mysql
  repository: https://charts.bitnami.com/bitnami
  version: 10.3.0
- name: rocketmq
  repository: https://helm-charts.itboon.top/rocketmq
  version: 11.1.0
- name: nacos
  repository: file://../nacos/
  version: 0.1.5
- name: xxl-job-admin
  repository: file://../xxl-job-admin/
  version: 1.0.0
- name: cognition-screening
  repository: file://../cognition-screening/
  version: 1.0.0
digest: sha256:5dc52edb9918212841a3263dfe8cf4fd460bc6a8c5bf268d02c101ad8ec73556
generated: "2024-09-02T11:26:17.540479+08:00"
