dependencies:
- name: redis
  repository: https://charts.bitnami.com/bitnami
  version: 17.0.7
- name: mysql
  repository: https://charts.bitnami.com/bitnami
  version: 10.3.0
- name: rocketmq
  repository: https://helm-charts.itboon.top/rocketmq
  version: 11.1.0
- name: nacos
  repository: file://../nacos/
  version: 0.1.5
- name: xxl-job-admin
  repository: file://../xxl-job-admin/
  version: 1.0.0
- name: cognition-screening
  repository: file://../cognition-screening/
  version: 1.0.0
digest: sha256:e967542de5dba496b477fcd04a400cde576ad326a570d7d566a73077e07c8a06
generated: "2024-08-31T16:32:39.08556+08:00"
